// !$*UTF8*$!
{
	archiveVersion = 1;
	classes = {
	};
	objectVersion = 46;
	objects = {

/* Begin PBXBuildFile section */
		1A242EAA1E111330001D35C7 /* AppDelegate.swift in Sources */ = {isa = PBXBuildFile; fileRef = 1A242EA91E111330001D35C7 /* AppDelegate.swift */; };
		1A242EAC1E111330001D35C7 /* ViewController.swift in Sources */ = {isa = PBXBuildFile; fileRef = 1A242EAB1E111330001D35C7 /* ViewController.swift */; };
		1A242EAF1E111330001D35C7 /* Main.storyboard in Resources */ = {isa = PBXBuildFile; fileRef = 1A242EAD1E111330001D35C7 /* Main.storyboard */; };
		1A242EB41E111330001D35C7 /* LaunchScreen.storyboard in Resources */ = {isa = PBXBuildFile; fileRef = 1A242EB21E111330001D35C7 /* LaunchScreen.storyboard */; };
		1A242EBC1E111ED1001D35C7 /* Assets.xcassets in Resources */ = {isa = PBXBuildFile; fileRef = 1A242EBB1E111ED1001D35C7 /* Assets.xcassets */; };
		1A4782641E2629DB00C393DA /* HomeViewController.swift in Sources */ = {isa = PBXBuildFile; fileRef = 1A4782631E2629DB00C393DA /* HomeViewController.swift */; };
		1A4782671E2632EC00C393DA /* UIBarButtonItem+Extension.swift in Sources */ = {isa = PBXBuildFile; fileRef = 1A4782661E2632EC00C393DA /* UIBarButtonItem+Extension.swift */; };
		1A4782691E264F2C00C393DA /* PageTitleView.swift in Sources */ = {isa = PBXBuildFile; fileRef = 1A4782681E264F2C00C393DA /* PageTitleView.swift */; };
		1A47826B1E26512C00C393DA /* Common.swift in Sources */ = {isa = PBXBuildFile; fileRef = 1A47826A1E26512C00C393DA /* Common.swift */; };
		1A64DA821E120E6D00F253D8 /* Home.storyboard in Resources */ = {isa = PBXBuildFile; fileRef = 1A64DA801E120E6D00F253D8 /* Home.storyboard */; };
		1A64DA841E120E7F00F253D8 /* Live.storyboard in Resources */ = {isa = PBXBuildFile; fileRef = 1A64DA831E120E7F00F253D8 /* Live.storyboard */; };
		1A64DA871E120E8D00F253D8 /* Care.storyboard in Resources */ = {isa = PBXBuildFile; fileRef = 1A64DA851E120E8D00F253D8 /* Care.storyboard */; };
		1A64DA891E120E9B00F253D8 /* Profile.storyboard in Resources */ = {isa = PBXBuildFile; fileRef = 1A64DA881E120E9B00F253D8 /* Profile.storyboard */; };
		1A64DA8B1E120ED800F253D8 /* MainViewController.swift in Sources */ = {isa = PBXBuildFile; fileRef = 1A64DA8A1E120ED800F253D8 /* MainViewController.swift */; };
		1A9029131E2718A9006A463D /* PageContentView.swift in Sources */ = {isa = PBXBuildFile; fileRef = 1A9029121E2718A9006A463D /* PageContentView.swift */; };
		1A9029151E271F3C006A463D /* UIColor+Extension.swift in Sources */ = {isa = PBXBuildFile; fileRef = 1A9029141E271F3C006A463D /* UIColor+Extension.swift */; };
/* End PBXBuildFile section */

/* Begin PBXFileReference section */
		1A242EA61E111330001D35C7 /* DouYuDemo.app */ = {isa = PBXFileReference; explicitFileType = wrapper.application; includeInIndex = 0; path = DouYuDemo.app; sourceTree = BUILT_PRODUCTS_DIR; };
		1A242EA91E111330001D35C7 /* AppDelegate.swift */ = {isa = PBXFileReference; lastKnownFileType = sourcecode.swift; path = AppDelegate.swift; sourceTree = "<group>"; };
		1A242EAB1E111330001D35C7 /* ViewController.swift */ = {isa = PBXFileReference; lastKnownFileType = sourcecode.swift; path = ViewController.swift; sourceTree = "<group>"; };
		1A242EAE1E111330001D35C7 /* Base */ = {isa = PBXFileReference; lastKnownFileType = file.storyboard; name = Base; path = Base.lproj/Main.storyboard; sourceTree = "<group>"; };
		1A242EB31E111330001D35C7 /* Base */ = {isa = PBXFileReference; lastKnownFileType = file.storyboard; name = Base; path = Base.lproj/LaunchScreen.storyboard; sourceTree = "<group>"; };
		1A242EB51E111330001D35C7 /* Info.plist */ = {isa = PBXFileReference; lastKnownFileType = text.plist.xml; path = Info.plist; sourceTree = "<group>"; };
		1A242EBB1E111ED1001D35C7 /* Assets.xcassets */ = {isa = PBXFileReference; lastKnownFileType = folder.assetcatalog; path = Assets.xcassets; sourceTree = "<group>"; };
		1A4782631E2629DB00C393DA /* HomeViewController.swift */ = {isa = PBXFileReference; fileEncoding = 4; lastKnownFileType = sourcecode.swift; path = HomeViewController.swift; sourceTree = "<group>"; };
		1A4782661E2632EC00C393DA /* UIBarButtonItem+Extension.swift */ = {isa = PBXFileReference; fileEncoding = 4; lastKnownFileType = sourcecode.swift; path = "UIBarButtonItem+Extension.swift"; sourceTree = "<group>"; };
		1A4782681E264F2C00C393DA /* PageTitleView.swift */ = {isa = PBXFileReference; fileEncoding = 4; lastKnownFileType = sourcecode.swift; path = PageTitleView.swift; sourceTree = "<group>"; };
		1A47826A1E26512C00C393DA /* Common.swift */ = {isa = PBXFileReference; fileEncoding = 4; lastKnownFileType = sourcecode.swift; path = Common.swift; sourceTree = "<group>"; };
		1A64DA811E120E6D00F253D8 /* Base */ = {isa = PBXFileReference; lastKnownFileType = file.storyboard; name = Base; path = DouYuDemo/Base.lproj/Home.storyboard; sourceTree = SOURCE_ROOT; };
		1A64DA831E120E7F00F253D8 /* Live.storyboard */ = {isa = PBXFileReference; fileEncoding = 4; lastKnownFileType = file.storyboard; name = Live.storyboard; path = ../Main/Live.storyboard; sourceTree = "<group>"; };
		1A64DA861E120E8D00F253D8 /* Base */ = {isa = PBXFileReference; lastKnownFileType = file.storyboard; name = Base; path = DouYuDemo/Base.lproj/Care.storyboard; sourceTree = SOURCE_ROOT; };
		1A64DA881E120E9B00F253D8 /* Profile.storyboard */ = {isa = PBXFileReference; fileEncoding = 4; lastKnownFileType = file.storyboard; name = Profile.storyboard; path = ../Main/Profile.storyboard; sourceTree = "<group>"; };
		1A64DA8A1E120ED800F253D8 /* MainViewController.swift */ = {isa = PBXFileReference; fileEncoding = 4; lastKnownFileType = sourcecode.swift; path = MainViewController.swift; sourceTree = "<group>"; };
		1A9029121E2718A9006A463D /* PageContentView.swift */ = {isa = PBXFileReference; fileEncoding = 4; lastKnownFileType = sourcecode.swift; path = PageContentView.swift; sourceTree = "<group>"; };
		1A9029141E271F3C006A463D /* UIColor+Extension.swift */ = {isa = PBXFileReference; fileEncoding = 4; lastKnownFileType = sourcecode.swift; path = "UIColor+Extension.swift"; sourceTree = "<group>"; };
/* End PBXFileReference section */

/* Begin PBXFrameworksBuildPhase section */
		1A242EA31E111330001D35C7 /* Frameworks */ = {
			isa = PBXFrameworksBuildPhase;
			buildActionMask = 2147483647;
			files = (
			);
			runOnlyForDeploymentPostprocessing = 0;
		};
/* End PBXFrameworksBuildPhase section */

/* Begin PBXGroup section */
		1A242E9D1E111330001D35C7 = {
			isa = PBXGroup;
			children = (
				1A242EA81E111330001D35C7 /* DouYuDemo */,
				1A242EA71E111330001D35C7 /* Products */,
			);
			sourceTree = "<group>";
		};
		1A242EA71E111330001D35C7 /* Products */ = {
			isa = PBXGroup;
			children = (
				1A242EA61E111330001D35C7 /* DouYuDemo.app */,
			);
			name = Products;
			sourceTree = "<group>";
		};
		1A242EA81E111330001D35C7 /* DouYuDemo */ = {
			isa = PBXGroup;
			children = (
				1A64DA791E1200EA00F253D8 /* Classes */,
				1A242EA91E111330001D35C7 /* AppDelegate.swift */,
				1A242EAB1E111330001D35C7 /* ViewController.swift */,
				1A242EBB1E111ED1001D35C7 /* Assets.xcassets */,
				1A242EB21E111330001D35C7 /* LaunchScreen.storyboard */,
				1A242EB51E111330001D35C7 /* Info.plist */,
			);
			path = DouYuDemo;
			sourceTree = "<group>";
		};
		1A4782541E26241700C393DA /* Controller */ = {
			isa = PBXGroup;
			children = (
			);
			path = Controller;
			sourceTree = "<group>";
		};
		1A4782551E26241700C393DA /* Model */ = {
			isa = PBXGroup;
			children = (
			);
			path = Model;
			sourceTree = "<group>";
		};
		1A4782561E26241700C393DA /* View */ = {
			isa = PBXGroup;
			children = (
				1A4782681E264F2C00C393DA /* PageTitleView.swift */,
				1A9029121E2718A9006A463D /* PageContentView.swift */,
			);
			path = View;
			sourceTree = "<group>";
		};
		1A4782571E26242000C393DA /* Controller */ = {
			isa = PBXGroup;
			children = (
			);
			path = Controller;
			sourceTree = "<group>";
		};
		1A4782581E26242000C393DA /* Model */ = {
			isa = PBXGroup;
			children = (
			);
			path = Model;
			sourceTree = "<group>";
		};
		1A4782591E26242000C393DA /* View */ = {
			isa = PBXGroup;
			children = (
			);
			path = View;
			sourceTree = "<group>";
		};
		1A47825A1E26242900C393DA /* Controller */ = {
			isa = PBXGroup;
			children = (
				1A4782631E2629DB00C393DA /* HomeViewController.swift */,
			);
			path = Controller;
			sourceTree = "<group>";
		};
		1A47825B1E26242900C393DA /* Model */ = {
			isa = PBXGroup;
			children = (
			);
			path = Model;
			sourceTree = "<group>";
		};
		1A47825C1E26242900C393DA /* View */ = {
			isa = PBXGroup;
			children = (
			);
			path = View;
			sourceTree = "<group>";
		};
		1A47825D1E26243400C393DA /* Controller */ = {
			isa = PBXGroup;
			children = (
			);
			path = Controller;
			sourceTree = "<group>";
		};
		1A47825E1E26243400C393DA /* Model */ = {
			isa = PBXGroup;
			children = (
			);
			path = Model;
			sourceTree = "<group>";
		};
		1A47825F1E26243400C393DA /* View */ = {
			isa = PBXGroup;
			children = (
			);
			path = View;
			sourceTree = "<group>";
		};
		1A4782601E26244300C393DA /* Controller */ = {
			isa = PBXGroup;
			children = (
			);
			path = Controller;
			sourceTree = "<group>";
		};
		1A4782611E26244300C393DA /* Model */ = {
			isa = PBXGroup;
			children = (
			);
			path = Model;
			sourceTree = "<group>";
		};
		1A4782621E26244300C393DA /* View */ = {
			isa = PBXGroup;
			children = (
			);
			path = View;
			sourceTree = "<group>";
		};
		1A4782651E2632A400C393DA /* Extension */ = {
			isa = PBXGroup;
			children = (
				1A4782661E2632EC00C393DA /* UIBarButtonItem+Extension.swift */,
				1A9029141E271F3C006A463D /* UIColor+Extension.swift */,
			);
			path = Extension;
			sourceTree = "<group>";
		};
		1A64DA791E1200EA00F253D8 /* Classes */ = {
			isa = PBXGroup;
			children = (
				1A64DA7F1E12019200F253D8 /* Main */,
				1A64DA7A1E1200EA00F253D8 /* Care */,
				1A64DA7B1E1200EA00F253D8 /* Home */,
				1A64DA7C1E1200EA00F253D8 /* Live */,
				1A64DA7D1E1200EA00F253D8 /* Profile */,
				1A64DA7E1E1200EA00F253D8 /* Tools */,
			);
			path = Classes;
			sourceTree = "<group>";
		};
		1A64DA7A1E1200EA00F253D8 /* Care */ = {
			isa = PBXGroup;
			children = (
				1A4782571E26242000C393DA /* Controller */,
				1A4782581E26242000C393DA /* Model */,
				1A4782591E26242000C393DA /* View */,
				1A64DA851E120E8D00F253D8 /* Care.storyboard */,
			);
			path = Care;
			sourceTree = "<group>";
		};
		1A64DA7B1E1200EA00F253D8 /* Home */ = {
			isa = PBXGroup;
			children = (
				1A47825A1E26242900C393DA /* Controller */,
				1A47825B1E26242900C393DA /* Model */,
				1A47825C1E26242900C393DA /* View */,
				1A64DA801E120E6D00F253D8 /* Home.storyboard */,
			);
			path = Home;
			sourceTree = "<group>";
		};
		1A64DA7C1E1200EA00F253D8 /* Live */ = {
			isa = PBXGroup;
			children = (
				1A47825D1E26243400C393DA /* Controller */,
				1A47825E1E26243400C393DA /* Model */,
				1A47825F1E26243400C393DA /* View */,
				1A64DA831E120E7F00F253D8 /* Live.storyboard */,
			);
			path = Live;
			sourceTree = "<group>";
		};
		1A64DA7D1E1200EA00F253D8 /* Profile */ = {
			isa = PBXGroup;
			children = (
				1A4782601E26244300C393DA /* Controller */,
				1A4782611E26244300C393DA /* Model */,
				1A4782621E26244300C393DA /* View */,
				1A64DA881E120E9B00F253D8 /* Profile.storyboard */,
			);
			path = Profile;
			sourceTree = "<group>";
		};
		1A64DA7E1E1200EA00F253D8 /* Tools */ = {
			isa = PBXGroup;
			children = (
				1A4782651E2632A400C393DA /* Extension */,
				1A47826A1E26512C00C393DA /* Common.swift */,
			);
			path = Tools;
			sourceTree = "<group>";
		};
		1A64DA7F1E12019200F253D8 /* Main */ = {
			isa = PBXGroup;
			children = (
				1A4782541E26241700C393DA /* Controller */,
				1A4782551E26241700C393DA /* Model */,
				1A4782561E26241700C393DA /* View */,
				1A242EAD1E111330001D35C7 /* Main.storyboard */,
				1A64DA8A1E120ED800F253D8 /* MainViewController.swift */,
			);
			path = Main;
			sourceTree = "<group>";
		};
/* End PBXGroup section */

/* Begin PBXNativeTarget section */
		1A242EA51E111330001D35C7 /* DouYuDemo */ = {
			isa = PBXNativeTarget;
			buildConfigurationList = 1A242EB81E111330001D35C7 /* Build configuration list for PBXNativeTarget "DouYuDemo" */;
			buildPhases = (
				1A242EA21E111330001D35C7 /* Sources */,
				1A242EA31E111330001D35C7 /* Frameworks */,
				1A242EA41E111330001D35C7 /* Resources */,
			);
			buildRules = (
			);
			dependencies = (
			);
			name = DouYuDemo;
			productName = DouYuDemo;
			productReference = 1A242EA61E111330001D35C7 /* DouYuDemo.app */;
			productType = "com.apple.product-type.application";
		};
/* End PBXNativeTarget section */

/* Begin PBXProject section */
		1A242E9E1E111330001D35C7 /* Project object */ = {
			isa = PBXProject;
			attributes = {
				LastSwiftUpdateCheck = 0810;
				LastUpgradeCheck = 0810;
				ORGANIZATIONNAME = professional;
				TargetAttributes = {
					1A242EA51E111330001D35C7 = {
						CreatedOnToolsVersion = 8.1;
						ProvisioningStyle = Automatic;
					};
				};
			};
			buildConfigurationList = 1A242EA11E111330001D35C7 /* Build configuration list for PBXProject "DouYuDemo" */;
			compatibilityVersion = "Xcode 3.2";
			developmentRegion = English;
			hasScannedForEncodings = 0;
			knownRegions = (
				en,
				Base,
			);
			mainGroup = 1A242E9D1E111330001D35C7;
			productRefGroup = 1A242EA71E111330001D35C7 /* Products */;
			projectDirPath = "";
			projectRoot = "";
			targets = (
				1A242EA51E111330001D35C7 /* DouYuDemo */,
			);
		};
/* End PBXProject section */

/* Begin PBXResourcesBuildPhase section */
		1A242EA41E111330001D35C7 /* Resources */ = {
			isa = PBXResourcesBuildPhase;
			buildActionMask = 2147483647;
			files = (
				1A242EB41E111330001D35C7 /* LaunchScreen.storyboard in Resources */,
				1A242EBC1E111ED1001D35C7 /* Assets.xcassets in Resources */,
				1A242EAF1E111330001D35C7 /* Main.storyboard in Resources */,
				1A64DA841E120E7F00F253D8 /* Live.storyboard in Resources */,
				1A64DA821E120E6D00F253D8 /* Home.storyboard in Resources */,
				1A64DA891E120E9B00F253D8 /* Profile.storyboard in Resources */,
				1A64DA871E120E8D00F253D8 /* Care.storyboard in Resources */,
			);
			runOnlyForDeploymentPostprocessing = 0;
		};
/* End PBXResourcesBuildPhase section */

/* Begin PBXSourcesBuildPhase section */
		1A242EA21E111330001D35C7 /* Sources */ = {
			isa = PBXSourcesBuildPhase;
			buildActionMask = 2147483647;
			files = (
				1A47826B1E26512C00C393DA /* Common.swift in Sources */,
				1A4782691E264F2C00C393DA /* PageTitleView.swift in Sources */,
				1A64DA8B1E120ED800F253D8 /* MainViewController.swift in Sources */,
				1A9029151E271F3C006A463D /* UIColor+Extension.swift in Sources */,
				1A9029131E2718A9006A463D /* PageContentView.swift in Sources */,
				1A242EAC1E111330001D35C7 /* ViewController.swift in Sources */,
				1A4782671E2632EC00C393DA /* UIBarButtonItem+Extension.swift in Sources */,
				1A242EAA1E111330001D35C7 /* AppDelegate.swift in Sources */,
				1A4782641E2629DB00C393DA /* HomeViewController.swift in Sources */,
			);
			runOnlyForDeploymentPostprocessing = 0;
		};
/* End PBXSourcesBuildPhase section */

/* Begin PBXVariantGroup section */
		1A242EAD1E111330001D35C7 /* Main.storyboard */ = {
			isa = PBXVariantGroup;
			children = (
				1A242EAE1E111330001D35C7 /* Base */,
			);
			name = Main.storyboard;
			path = ../..;
			sourceTree = "<group>";
		};
		1A242EB21E111330001D35C7 /* LaunchScreen.storyboard */ = {
			isa = PBXVariantGroup;
			children = (
				1A242EB31E111330001D35C7 /* Base */,
			);
			name = LaunchScreen.storyboard;
			sourceTree = "<group>";
		};
		1A64DA801E120E6D00F253D8 /* Home.storyboard */ = {
			isa = PBXVariantGroup;
			children = (
				1A64DA811E120E6D00F253D8 /* Base */,
			);
			name = Home.storyboard;
			path = ../Main;
			sourceTree = "<group>";
		};
		1A64DA851E120E8D00F253D8 /* Care.storyboard */ = {
			isa = PBXVariantGroup;
			children = (
				1A64DA861E120E8D00F253D8 /* Base */,
			);
			name = Care.storyboard;
			path = ../Main;
			sourceTree = "<group>";
		};
/* End PBXVariantGroup section */

/* Begin XCBuildConfiguration section */
		1A242EB61E111330001D35C7 /* Debug */ = {
			isa = XCBuildConfiguration;
			buildSettings = {
				ALWAYS_SEARCH_USER_PATHS = NO;
				CLANG_ANALYZER_NONNULL = YES;
				CLANG_CXX_LANGUAGE_STANDARD = "gnu++0x";
				CLANG_CXX_LIBRARY = "libc++";
				CLANG_ENABLE_MODULES = YES;
				CLANG_ENABLE_OBJC_ARC = YES;
				CLANG_WARN_BOOL_CONVERSION = YES;
				CLANG_WARN_CONSTANT_CONVERSION = YES;
				CLANG_WARN_DIRECT_OBJC_ISA_USAGE = YES_ERROR;
				CLANG_WARN_DOCUMENTATION_COMMENTS = YES;
				CLANG_WARN_EMPTY_BODY = YES;
				CLANG_WARN_ENUM_CONVERSION = YES;
				CLANG_WARN_INFINITE_RECURSION = YES;
				CLANG_WARN_INT_CONVERSION = YES;
				CLANG_WARN_OBJC_ROOT_CLASS = YES_ERROR;
				CLANG_WARN_SUSPICIOUS_MOVES = YES;
				CLANG_WARN_UNREACHABLE_CODE = YES;
				CLANG_WARN__DUPLICATE_METHOD_MATCH = YES;
				"CODE_SIGN_IDENTITY[sdk=iphoneos*]" = "iPhone Developer";
				COPY_PHASE_STRIP = NO;
				DEBUG_INFORMATION_FORMAT = dwarf;
				ENABLE_STRICT_OBJC_MSGSEND = YES;
				ENABLE_TESTABILITY = YES;
				GCC_C_LANGUAGE_STANDARD = gnu99;
				GCC_DYNAMIC_NO_PIC = NO;
				GCC_NO_COMMON_BLOCKS = YES;
				GCC_OPTIMIZATION_LEVEL = 0;
				GCC_PREPROCESSOR_DEFINITIONS = (
					"DEBUG=1",
					"$(inherited)",
				);
				GCC_WARN_64_TO_32_BIT_CONVERSION = YES;
				GCC_WARN_ABOUT_RETURN_TYPE = YES_ERROR;
				GCC_WARN_UNDECLARED_SELECTOR = YES;
				GCC_WARN_UNINITIALIZED_AUTOS = YES_AGGRESSIVE;
				GCC_WARN_UNUSED_FUNCTION = YES;
				GCC_WARN_UNUSED_VARIABLE = YES;
				IPHONEOS_DEPLOYMENT_TARGET = 10.1;
				MTL_ENABLE_DEBUG_INFO = YES;
				ONLY_ACTIVE_ARCH = YES;
				SDKROOT = iphoneos;
				SWIFT_ACTIVE_COMPILATION_CONDITIONS = DEBUG;
				SWIFT_OPTIMIZATION_LEVEL = "-Onone";
				TARGETED_DEVICE_FAMILY = "1,2";
			};
			name = Debug;
		};
		1A242EB71E111330001D35C7 /* Release */ = {
			isa = XCBuildConfiguration;
			buildSettings = {
				ALWAYS_SEARCH_USER_PATHS = NO;
				CLANG_ANALYZER_NONNULL = YES;
				CLANG_CXX_LANGUAGE_STANDARD = "gnu++0x";
				CLANG_CXX_LIBRARY = "libc++";
				CLANG_ENABLE_MODULES = YES;
				CLANG_ENABLE_OBJC_ARC = YES;
				CLANG_WARN_BOOL_CONVERSION = YES;
				CLANG_WARN_CONSTANT_CONVERSION = YES;
				CLANG_WARN_DIRECT_OBJC_ISA_USAGE = YES_ERROR;
				CLANG_WARN_DOCUMENTATION_COMMENTS = YES;
				CLANG_WARN_EMPTY_BODY = YES;
				CLANG_WARN_ENUM_CONVERSION = YES;
				CLANG_WARN_INFINITE_RECURSION = YES;
				CLANG_WARN_INT_CONVERSION = YES;
				CLANG_WARN_OBJC_ROOT_CLASS = YES_ERROR;
				CLANG_WARN_SUSPICIOUS_MOVES = YES;
				CLANG_WARN_UNREACHABLE_CODE = YES;
				CLANG_WARN__DUPLICATE_METHOD_MATCH = YES;
				"CODE_SIGN_IDENTITY[sdk=iphoneos*]" = "iPhone Developer";
				COPY_PHASE_STRIP = NO;
				DEBUG_INFORMATION_FORMAT = "dwarf-with-dsym";
				ENABLE_NS_ASSERTIONS = NO;
				ENABLE_STRICT_OBJC_MSGSEND = YES;
				GCC_C_LANGUAGE_STANDARD = gnu99;
				GCC_NO_COMMON_BLOCKS = YES;
				GCC_WARN_64_TO_32_BIT_CONVERSION = YES;
				GCC_WARN_ABOUT_RETURN_TYPE = YES_ERROR;
				GCC_WARN_UNDECLARED_SELECTOR = YES;
				GCC_WARN_UNINITIALIZED_AUTOS = YES_AGGRESSIVE;
				GCC_WARN_UNUSED_FUNCTION = YES;
				GCC_WARN_UNUSED_VARIABLE = YES;
				IPHONEOS_DEPLOYMENT_TARGET = 10.1;
				MTL_ENABLE_DEBUG_INFO = NO;
				SDKROOT = iphoneos;
				SWIFT_OPTIMIZATION_LEVEL = "-Owholemodule";
				TARGETED_DEVICE_FAMILY = "1,2";
				VALIDATE_PRODUCT = YES;
			};
			name = Release;
		};
		1A242EB91E111330001D35C7 /* Debug */ = {
			isa = XCBuildConfiguration;
			buildSettings = {
				ASSETCATALOG_COMPILER_APPICON_NAME = AppIcon;
				ASSETCATALOG_COMPILER_LAUNCHIMAGE_NAME = "Brand Assets";
				INFOPLIST_FILE = DouYuDemo/Info.plist;
				IPHONEOS_DEPLOYMENT_TARGET = 8.0;
				LD_RUNPATH_SEARCH_PATHS = "$(inherited) @executable_path/Frameworks";
				PRODUCT_BUNDLE_IDENTIFIER = sjyt.net.EduYunClientTest.contact.DouYuDemo;
				PRODUCT_NAME = "$(TARGET_NAME)";
				SWIFT_VERSION = 3.0;
			};
			name = Debug;
		};
		1A242EBA1E111330001D35C7 /* Release */ = {
			isa = XCBuildConfiguration;
			buildSettings = {
				ASSETCATALOG_COMPILER_APPICON_NAME = AppIcon;
				ASSETCATALOG_COMPILER_LAUNCHIMAGE_NAME = "Brand Assets";
				INFOPLIST_FILE = DouYuDemo/Info.plist;
				IPHONEOS_DEPLOYMENT_TARGET = 8.0;
				LD_RUNPATH_SEARCH_PATHS = "$(inherited) @executable_path/Frameworks";
				PRODUCT_BUNDLE_IDENTIFIER = sjyt.net.EduYunClientTest.contact.DouYuDemo;
				PRODUCT_NAME = "$(TARGET_NAME)";
				SWIFT_VERSION = 3.0;
			};
			name = Release;
		};
/* End XCBuildConfiguration section */

/* Begin XCConfigurationList section */
		1A242EA11E111330001D35C7 /* Build configuration list for PBXProject "DouYuDemo" */ = {
			isa = XCConfigurationList;
			buildConfigurations = (
				1A242EB61E111330001D35C7 /* Debug */,
				1A242EB71E111330001D35C7 /* Release */,
			);
			defaultConfigurationIsVisible = 0;
			defaultConfigurationName = Release;
		};
		1A242EB81E111330001D35C7 /* Build configuration list for PBXNativeTarget "DouYuDemo" */ = {
			isa = XCConfigurationList;
			buildConfigurations = (
				1A242EB91E111330001D35C7 /* Debug */,
				1A242EBA1E111330001D35C7 /* Release */,
			);
			defaultConfigurationIsVisible = 0;
			defaultConfigurationName = Release;
		};
/* End XCConfigurationList section */
	};
	rootObject = 1A242E9E1E111330001D35C7 /* Project object */;
}
